
Microsoft Visual Studio Solution File, Format Version 12.00
Project("{FAE04EC0-301F-11D3-BF4B-00C04F79EFBC}") = "Crossword.API", "Crossword.API\Crossword.API.csproj", "{B53EE5F7-E852-47C0-814E-6E559D43A774}"
EndProject
Project("{FAE04EC0-301F-11D3-BF4B-00C04F79EFBC}") = "Crossword", "Crossword\Crossword.csproj", "{0BFDE744-5BB3-486D-B194-5826B551CE3F}"
EndProject
Project("{FAE04EC0-301F-11D3-BF4B-00C04F79EFBC}") = "Crossword.Shared", "Crossword.Shared\Crossword.Shared.csproj", "{8061C3BE-083E-415C-B678-394F8EBCCFC6}"
EndProject
Project("{FAE04EC0-301F-11D3-BF4B-00C04F79EFBC}") = "Crossword.Parser", "Crossword.Parser\Crossword.Parser.csproj", "{2FE9007A-7C46-48AD-86A5-FCADA1AA2D34}"
EndProject
Project("{FAE04EC0-301F-11D3-BF4B-00C04F79EFBC}") = "Crosssword.Entities", "Crosssword.Entities\Crosssword.Entities.csproj", "{629F5D51-C8E0-4C64-BE84-48C5DB565FA8}"
EndProject
Project("{FAE04EC0-301F-11D3-BF4B-00C04F79EFBC}") = "Crossword.Data", "Crossword.Data\Crossword.Data.csproj", "{08FAF8BC-DBEA-4FCF-9BF9-B2B3E8FD1122}"
EndProject
Project("{FAE04EC0-301F-11D3-BF4B-00C04F79EFBC}") = "Crossword.Square", "Crossword.Square\Crossword.Square.csproj", "{9DA98578-CB2F-494F-B6AF-AE1577EB7F9E}"
EndProject
Project("{FAE04EC0-301F-11D3-BF4B-00C04F79EFBC}") = "Crossword.ClueAnswer", "Crossword.ClueAnswer\Crossword.ClueAnswer.csproj", "{F0A08490-2940-4C75-A202-5C656872195A}"
EndProject
Global
	GlobalSection(SolutionConfigurationPlatforms) = preSolution
		Debug|Any CPU = Debug|Any CPU
		Release|Any CPU = Release|Any CPU
	EndGlobalSection
	GlobalSection(ProjectConfigurationPlatforms) = postSolution
		{B53EE5F7-E852-47C0-814E-6E559D43A774}.Debug|Any CPU.ActiveCfg = Debug|Any CPU
		{B53EE5F7-E852-47C0-814E-6E559D43A774}.Debug|Any CPU.Build.0 = Debug|Any CPU
		{B53EE5F7-E852-47C0-814E-6E559D43A774}.Release|Any CPU.ActiveCfg = Release|Any CPU
		{B53EE5F7-E852-47C0-814E-6E559D43A774}.Release|Any CPU.Build.0 = Release|Any CPU
		{0BFDE744-5BB3-486D-B194-5826B551CE3F}.Debug|Any CPU.ActiveCfg = Debug|Any CPU
		{0BFDE744-5BB3-486D-B194-5826B551CE3F}.Debug|Any CPU.Build.0 = Debug|Any CPU
		{0BFDE744-5BB3-486D-B194-5826B551CE3F}.Release|Any CPU.ActiveCfg = Release|Any CPU
		{0BFDE744-5BB3-486D-B194-5826B551CE3F}.Release|Any CPU.Build.0 = Release|Any CPU
		{8061C3BE-083E-415C-B678-394F8EBCCFC6}.Debug|Any CPU.ActiveCfg = Debug|Any CPU
		{8061C3BE-083E-415C-B678-394F8EBCCFC6}.Debug|Any CPU.Build.0 = Debug|Any CPU
		{8061C3BE-083E-415C-B678-394F8EBCCFC6}.Release|Any CPU.ActiveCfg = Release|Any CPU
		{8061C3BE-083E-415C-B678-394F8EBCCFC6}.Release|Any CPU.Build.0 = Release|Any CPU
		{2FE9007A-7C46-48AD-86A5-FCADA1AA2D34}.Debug|Any CPU.ActiveCfg = Debug|Any CPU
		{2FE9007A-7C46-48AD-86A5-FCADA1AA2D34}.Debug|Any CPU.Build.0 = Debug|Any CPU
		{2FE9007A-7C46-48AD-86A5-FCADA1AA2D34}.Release|Any CPU.ActiveCfg = Release|Any CPU
		{2FE9007A-7C46-48AD-86A5-FCADA1AA2D34}.Release|Any CPU.Build.0 = Release|Any CPU
		{629F5D51-C8E0-4C64-BE84-48C5DB565FA8}.Debug|Any CPU.ActiveCfg = Debug|Any CPU
		{629F5D51-C8E0-4C64-BE84-48C5DB565FA8}.Debug|Any CPU.Build.0 = Debug|Any CPU
		{629F5D51-C8E0-4C64-BE84-48C5DB565FA8}.Release|Any CPU.ActiveCfg = Release|Any CPU
		{629F5D51-C8E0-4C64-BE84-48C5DB565FA8}.Release|Any CPU.Build.0 = Release|Any CPU
		{08FAF8BC-DBEA-4FCF-9BF9-B2B3E8FD1122}.Debug|Any CPU.ActiveCfg = Debug|Any CPU
		{08FAF8BC-DBEA-4FCF-9BF9-B2B3E8FD1122}.Debug|Any CPU.Build.0 = Debug|Any CPU
		{08FAF8BC-DBEA-4FCF-9BF9-B2B3E8FD1122}.Release|Any CPU.ActiveCfg = Release|Any CPU
		{08FAF8BC-DBEA-4FCF-9BF9-B2B3E8FD1122}.Release|Any CPU.Build.0 = Release|Any CPU
		{9DA98578-CB2F-494F-B6AF-AE1577EB7F9E}.Debug|Any CPU.ActiveCfg = Debug|Any CPU
		{9DA98578-CB2F-494F-B6AF-AE1577EB7F9E}.Debug|Any CPU.Build.0 = Debug|Any CPU
		{9DA98578-CB2F-494F-B6AF-AE1577EB7F9E}.Release|Any CPU.ActiveCfg = Release|Any CPU
		{9DA98578-CB2F-494F-B6AF-AE1577EB7F9E}.Release|Any CPU.Build.0 = Release|Any CPU
		{F0A08490-2940-4C75-A202-5C656872195A}.Debug|Any CPU.ActiveCfg = Debug|Any CPU
		{F0A08490-2940-4C75-A202-5C656872195A}.Debug|Any CPU.Build.0 = Debug|Any CPU
		{F0A08490-2940-4C75-A202-5C656872195A}.Release|Any CPU.ActiveCfg = Release|Any CPU
		{F0A08490-2940-4C75-A202-5C656872195A}.Release|Any CPU.Build.0 = Release|Any CPU
	EndGlobalSection
EndGlobal
