
Microsoft Visual Studio Solution File, Format Version 12.00
# Visual Studio Version 17
VisualStudioVersion = 17.5.002.0
MinimumVisualStudioVersion = 10.0.40219.1
Project("{FAE04EC0-301F-11D3-BF4B-00C04F79EFBC}") = "Crossword", "Crossword.csproj", "{6106A069-E938-4266-96EB-44EDCBB0CDD2}"
EndProject
Global
	GlobalSection(SolutionConfigurationPlatforms) = preSolution
		Debug|Any CPU = Debug|Any CPU
		Release|Any CPU = Release|Any CPU
	EndGlobalSection
	GlobalSection(ProjectConfigurationPlatforms) = postSolution
		{6106A069-E938-4266-96EB-44EDCBB0CDD2}.Debug|Any CPU.ActiveCfg = Debug|Any CPU
		{6106A069-E938-4266-96EB-44EDCBB0CDD2}.Debug|Any CPU.Build.0 = Debug|Any CPU
		{6106A069-E938-4266-96EB-44EDCBB0CDD2}.Release|Any CPU.ActiveCfg = Release|Any CPU
		{6106A069-E938-4266-96EB-44EDCBB0CDD2}.Release|Any CPU.Build.0 = Release|Any CPU
	EndGlobalSection
	GlobalSection(SolutionProperties) = preSolution
		HideSolutionNode = FALSE
	EndGlobalSection
	GlobalSection(ExtensibilityGlobals) = postSolution
		SolutionGuid = {370C228F-9D5C-4D74-BDA2-D360E2836EB4}
	EndGlobalSection
	GlobalSection(MonoDevelopProperties) = preSolution
		Policies = $0
		$0.DotNetNamingPolicy = $1
		$1.DirectoryNamespaceAssociation = PrefixedHierarchical
	EndGlobalSection
EndGlobal
