
Microsoft Visual Studio Solution File, Format Version 12.00
# Visual Studio Version 17
VisualStudioVersion = 17.5.002.0
MinimumVisualStudioVersion = 10.0.40219.1
Project("{9A19103F-16F7-4668-BE54-9A1E7A4F7556}") = "Crossword", "Crossword.csproj", "{D400748D-8411-473D-B7CA-895147289B3A}"
EndProject
Global
	GlobalSection(SolutionConfigurationPlatforms) = preSolution
		Debug|Any CPU = Debug|Any CPU
		Release|Any CPU = Release|Any CPU
	EndGlobalSection
	GlobalSection(ProjectConfigurationPlatforms) = postSolution
		{D400748D-8411-473D-B7CA-895147289B3A}.Debug|Any CPU.ActiveCfg = Debug|Any CPU
		{D400748D-8411-473D-B7CA-895147289B3A}.Debug|Any CPU.Build.0 = Debug|Any CPU
		{D400748D-8411-473D-B7CA-895147289B3A}.Release|Any CPU.ActiveCfg = Release|Any CPU
		{D400748D-8411-473D-B7CA-895147289B3A}.Release|Any CPU.Build.0 = Release|Any CPU
	EndGlobalSection
	GlobalSection(SolutionProperties) = preSolution
		HideSolutionNode = FALSE
	EndGlobalSection
	GlobalSection(ExtensibilityGlobals) = postSolution
		SolutionGuid = {FCA30329-0AF8-4694-8DE0-116855AA172B}
	EndGlobalSection
EndGlobal
